// !$*UTF8*$!
{
	archiveVersion = 1;
	classes = {
	};
	objectVersion = 55;
	objects = {

/* Begin PBXBuildFile section */
		3F400CB32929A9CF0099A738 /* AppDelegate.swift in Sources */ = {isa = PBXBuildFile; fileRef = 3F400CB22929A9CF0099A738 /* AppDelegate.swift */; };
		3F400CB52929A9CF0099A738 /* SceneDelegate.swift in Sources */ = {isa = PBXBuildFile; fileRef = 3F400CB42929A9CF0099A738 /* SceneDelegate.swift */; };
		3F400CB72929A9CF0099A738 /* ViewController.swift in Sources */ = {isa = PBXBuildFile; fileRef = 3F400CB62929A9CF0099A738 /* ViewController.swift */; };
		3F400CBA2929A9CF0099A738 /* Main.storyboard in Resources */ = {isa = PBXBuildFile; fileRef = 3F400CB82929A9CF0099A738 /* Main.storyboard */; };
		3F400CBC2929A9CF0099A738 /* Assets.xcassets in Resources */ = {isa = PBXBuildFile; fileRef = 3F400CBB2929A9CF0099A738 /* Assets.xcassets */; };
		3F400CBF2929A9CF0099A738 /* LaunchScreen.storyboard in Resources */ = {isa = PBXBuildFile; fileRef = 3F400CBD2929A9CF0099A738 /* LaunchScreen.storyboard */; };
		44605DE306A7033F3F4C3BFD /* Pods_Weather_forecast.framework in Frameworks */ = {isa = PBXBuildFile; fileRef = 697687BD3D6363434C0DD4B0 /* Pods_Weather_forecast.framework */; };
/* End PBXBuildFile section */

/* Begin PBXFileReference section */
		3F400CAF2929A9CF0099A738 /* Weather forecast.app */ = {isa = PBXFileReference; explicitFileType = wrapper.application; includeInIndex = 0; path = "Weather forecast.app"; sourceTree = BUILT_PRODUCTS_DIR; };
		3F400CB22929A9CF0099A738 /* AppDelegate.swift */ = {isa = PBXFileReference; lastKnownFileType = sourcecode.swift; path = AppDelegate.swift; sourceTree = "<group>"; };
		3F400CB42929A9CF0099A738 /* SceneDelegate.swift */ = {isa = PBXFileReference; lastKnownFileType = sourcecode.swift; path = SceneDelegate.swift; sourceTree = "<group>"; };
		3F400CB62929A9CF0099A738 /* ViewController.swift */ = {isa = PBXFileReference; lastKnownFileType = sourcecode.swift; path = ViewController.swift; sourceTree = "<group>"; };
		3F400CB92929A9CF0099A738 /* Base */ = {isa = PBXFileReference; lastKnownFileType = file.storyboard; name = Base; path = Base.lproj/Main.storyboard; sourceTree = "<group>"; };
		3F400CBB2929A9CF0099A738 /* Assets.xcassets */ = {isa = PBXFileReference; lastKnownFileType = folder.assetcatalog; path = Assets.xcassets; sourceTree = "<group>"; };
		3F400CBE2929A9CF0099A738 /* Base */ = {isa = PBXFileReference; lastKnownFileType = file.storyboard; name = Base; path = Base.lproj/LaunchScreen.storyboard; sourceTree = "<group>"; };
		3F400CC02929A9CF0099A738 /* Info.plist */ = {isa = PBXFileReference; lastKnownFileType = text.plist.xml; path = Info.plist; sourceTree = "<group>"; };
		5B9AB616F6A3F37F2C773947 /* Pods-Weather forecast.debug.xcconfig */ = {isa = PBXFileReference; includeInIndex = 1; lastKnownFileType = text.xcconfig; name = "Pods-Weather forecast.debug.xcconfig"; path = "Target Support Files/Pods-Weather forecast/Pods-Weather forecast.debug.xcconfig"; sourceTree = "<group>"; };
		697687BD3D6363434C0DD4B0 /* Pods_Weather_forecast.framework */ = {isa = PBXFileReference; explicitFileType = wrapper.framework; includeInIndex = 0; path = Pods_Weather_forecast.framework; sourceTree = BUILT_PRODUCTS_DIR; };
		DB6339276AA35BFC8F3E6DD0 /* Pods-Weather forecast.release.xcconfig */ = {isa = PBXFileReference; includeInIndex = 1; lastKnownFileType = text.xcconfig; name = "Pods-Weather forecast.release.xcconfig"; path = "Target Support Files/Pods-Weather forecast/Pods-Weather forecast.release.xcconfig"; sourceTree = "<group>"; };
/* End PBXFileReference section */

/* Begin PBXFrameworksBuildPhase section */
		3F400CAC2929A9CF0099A738 /* Frameworks */ = {
			isa = PBXFrameworksBuildPhase;
			buildActionMask = 2147483647;
			files = (
				44605DE306A7033F3F4C3BFD /* Pods_Weather_forecast.framework in Frameworks */,
			);
			runOnlyForDeploymentPostprocessing = 0;
		};
/* End PBXFrameworksBuildPhase section */

/* Begin PBXGroup section */
		039C80507CD53B9EE97C0BC9 /* Frameworks */ = {
			isa = PBXGroup;
			children = (
				697687BD3D6363434C0DD4B0 /* Pods_Weather_forecast.framework */,
			);
			name = Frameworks;
			sourceTree = "<group>";
		};
		3F400CA62929A9CF0099A738 = {
			isa = PBXGroup;
			children = (
				3F400CB12929A9CF0099A738 /* Weather forecast */,
				3F400CB02929A9CF0099A738 /* Products */,
				8A198AEC1C6AC5161EB4E121 /* Pods */,
				039C80507CD53B9EE97C0BC9 /* Frameworks */,
			);
			sourceTree = "<group>";
		};
		3F400CB02929A9CF0099A738 /* Products */ = {
			isa = PBXGroup;
			children = (
				3F400CAF2929A9CF0099A738 /* Weather forecast.app */,
			);
			name = Products;
			sourceTree = "<group>";
		};
		3F400CB12929A9CF0099A738 /* Weather forecast */ = {
			isa = PBXGroup;
			children = (
				3F400CB22929A9CF0099A738 /* AppDelegate.swift */,
				3F400CB42929A9CF0099A738 /* SceneDelegate.swift */,
				3F400CB62929A9CF0099A738 /* ViewController.swift */,
				3F400CB82929A9CF0099A738 /* Main.storyboard */,
				3F400CBB2929A9CF0099A738 /* Assets.xcassets */,
				3F400CBD2929A9CF0099A738 /* LaunchScreen.storyboard */,
				3F400CC02929A9CF0099A738 /* Info.plist */,
			);
			path = "Weather forecast";
			sourceTree = "<group>";
		};
		8A198AEC1C6AC5161EB4E121 /* Pods */ = {
			isa = PBXGroup;
			children = (
				5B9AB616F6A3F37F2C773947 /* Pods-Weather forecast.debug.xcconfig */,
				DB6339276AA35BFC8F3E6DD0 /* Pods-Weather forecast.release.xcconfig */,
			);
			name = Pods;
			path = Pods;
			sourceTree = "<group>";
		};
/* End PBXGroup section */

/* Begin PBXNativeTarget section */
		3F400CAE2929A9CF0099A738 /* Weather forecast */ = {
			isa = PBXNativeTarget;
			buildConfigurationList = 3F400CC32929A9CF0099A738 /* Build configuration list for PBXNativeTarget "Weather forecast" */;
			buildPhases = (
				888E264505F1A3F81B01D8C6 /* [CP] Check Pods Manifest.lock */,
				3F400CAB2929A9CF0099A738 /* Sources */,
				3F400CAC2929A9CF0099A738 /* Frameworks */,
				3F400CAD2929A9CF0099A738 /* Resources */,
				73E96F5D1DB38DD5F4454B7A /* [CP] Embed Pods Frameworks */,
			);
			buildRules = (
			);
			dependencies = (
			);
			name = "Weather forecast";
			productName = "Weather forecast";
			productReference = 3F400CAF2929A9CF0099A738 /* Weather forecast.app */;
			productType = "com.apple.product-type.application";
		};
/* End PBXNativeTarget section */

/* Begin PBXProject section */
		3F400CA72929A9CF0099A738 /* Project object */ = {
			isa = PBXProject;
			attributes = {
				BuildIndependentTargetsInParallel = 1;
				LastSwiftUpdateCheck = 1410;
				LastUpgradeCheck = 1410;
				TargetAttributes = {
					3F400CAE2929A9CF0099A738 = {
						CreatedOnToolsVersion = 14.1;
					};
				};
			};
			buildConfigurationList = 3F400CAA2929A9CF0099A738 /* Build configuration list for PBXProject "Weather forecast" */;
			compatibilityVersion = "Xcode 13.0";
			developmentRegion = en;
			hasScannedForEncodings = 0;
			knownRegions = (
				en,
				Base,
			);
			mainGroup = 3F400CA62929A9CF0099A738;
			productRefGroup = 3F400CB02929A9CF0099A738 /* Products */;
			projectDirPath = "";
			projectRoot = "";
			targets = (
				3F400CAE2929A9CF0099A738 /* Weather forecast */,
			);
		};
/* End PBXProject section */

/* Begin PBXResourcesBuildPhase section */
		3F400CAD2929A9CF0099A738 /* Resources */ = {
			isa = PBXResourcesBuildPhase;
			buildActionMask = 2147483647;
			files = (
				3F400CBF2929A9CF0099A738 /* LaunchScreen.storyboard in Resources */,
				3F400CBC2929A9CF0099A738 /* Assets.xcassets in Resources */,
				3F400CBA2929A9CF0099A738 /* Main.storyboard in Resources */,
			);
			runOnlyForDeploymentPostprocessing = 0;
		};
/* End PBXResourcesBuildPhase section */

/* Begin PBXShellScriptBuildPhase section */
		73E96F5D1DB38DD5F4454B7A /* [CP] Embed Pods Frameworks */ = {
			isa = PBXShellScriptBuildPhase;
			buildActionMask = 2147483647;
			files = (
			);
			inputFileListPaths = (
				"${PODS_ROOT}/Target Support Files/Pods-Weather forecast/Pods-Weather forecast-frameworks-${CONFIGURATION}-input-files.xcfilelist",
			);
			name = "[CP] Embed Pods Frameworks";
			outputFileListPaths = (
				"${PODS_ROOT}/Target Support Files/Pods-Weather forecast/Pods-Weather forecast-frameworks-${CONFIGURATION}-output-files.xcfilelist",
			);
			runOnlyForDeploymentPostprocessing = 0;
			shellPath = /bin/sh;
			shellScript = "\"${PODS_ROOT}/Target Support Files/Pods-Weather forecast/Pods-Weather forecast-frameworks.sh\"\n";
			showEnvVarsInLog = 0;
		};
		888E264505F1A3F81B01D8C6 /* [CP] Check Pods Manifest.lock */ = {
			isa = PBXShellScriptBuildPhase;
			buildActionMask = 2147483647;
			files = (
			);
			inputFileListPaths = (
			);
			inputPaths = (
				"${PODS_PODFILE_DIR_PATH}/Podfile.lock",
				"${PODS_ROOT}/Manifest.lock",
			);
			name = "[CP] Check Pods Manifest.lock";
			outputFileListPaths = (
			);
			outputPaths = (
				"$(DERIVED_FILE_DIR)/Pods-Weather forecast-checkManifestLockResult.txt",
			);
			runOnlyForDeploymentPostprocessing = 0;
			shellPath = /bin/sh;
			shellScript = "diff \"${PODS_PODFILE_DIR_PATH}/Podfile.lock\" \"${PODS_ROOT}/Manifest.lock\" > /dev/null\nif [ $? != 0 ] ; then\n    # print error to STDERR\n    echo \"error: The sandbox is not in sync with the Podfile.lock. Run 'pod install' or update your CocoaPods installation.\" >&2\n    exit 1\nfi\n# This output is used by Xcode 'outputs' to avoid re-running this script phase.\necho \"SUCCESS\" > \"${SCRIPT_OUTPUT_FILE_0}\"\n";
			showEnvVarsInLog = 0;
		};
/* End PBXShellScriptBuildPhase section */

/* Begin PBXSourcesBuildPhase section */
		3F400CAB2929A9CF0099A738 /* Sources */ = {
			isa = PBXSourcesBuildPhase;
			buildActionMask = 2147483647;
			files = (
				3F400CB72929A9CF0099A738 /* ViewController.swift in Sources */,
				3F400CB32929A9CF0099A738 /* AppDelegate.swift in Sources */,
				3F400CB52929A9CF0099A738 /* SceneDelegate.swift in Sources */,
			);
			runOnlyForDeploymentPostprocessing = 0;
		};
/* End PBXSourcesBuildPhase section */

/* Begin PBXVariantGroup section */
		3F400CB82929A9CF0099A738 /* Main.storyboard */ = {
			isa = PBXVariantGroup;
			children = (
				3F400CB92929A9CF0099A738 /* Base */,
			);
			name = Main.storyboard;
			sourceTree = "<group>";
		};
		3F400CBD2929A9CF0099A738 /* LaunchScreen.storyboard */ = {
			isa = PBXVariantGroup;
			children = (
				3F400CBE2929A9CF0099A738 /* Base */,
			);
			name = LaunchScreen.storyboard;
			sourceTree = "<group>";
		};
/* End PBXVariantGroup section */

/* Begin XCBuildConfiguration section */
		3F400CC12929A9CF0099A738 /* Debug */ = {
			isa = XCBuildConfiguration;
			buildSettings = {
				ALWAYS_SEARCH_USER_PATHS = NO;
				CLANG_ANALYZER_NONNULL = YES;
				CLANG_ANALYZER_NUMBER_OBJECT_CONVERSION = YES_AGGRESSIVE;
				CLANG_CXX_LANGUAGE_STANDARD = "gnu++20";
				CLANG_ENABLE_MODULES = YES;
				CLANG_ENABLE_OBJC_ARC = YES;
				CLANG_ENABLE_OBJC_WEAK = YES;
				CLANG_WARN_BLOCK_CAPTURE_AUTORELEASING = YES;
				CLANG_WARN_BOOL_CONVERSION = YES;
				CLANG_WARN_COMMA = YES;
				CLANG_WARN_CONSTANT_CONVERSION = YES;
				CLANG_WARN_DEPRECATED_OBJC_IMPLEMENTATIONS = YES;
				CLANG_WARN_DIRECT_OBJC_ISA_USAGE = YES_ERROR;
				CLANG_WARN_DOCUMENTATION_COMMENTS = YES;
				CLANG_WARN_EMPTY_BODY = YES;
				CLANG_WARN_ENUM_CONVERSION = YES;
				CLANG_WARN_INFINITE_RECURSION = YES;
				CLANG_WARN_INT_CONVERSION = YES;
				CLANG_WARN_NON_LITERAL_NULL_CONVERSION = YES;
				CLANG_WARN_OBJC_IMPLICIT_RETAIN_SELF = YES;
				CLANG_WARN_OBJC_LITERAL_CONVERSION = YES;
				CLANG_WARN_OBJC_ROOT_CLASS = YES_ERROR;
				CLANG_WARN_QUOTED_INCLUDE_IN_FRAMEWORK_HEADER = YES;
				CLANG_WARN_RANGE_LOOP_ANALYSIS = YES;
				CLANG_WARN_STRICT_PROTOTYPES = YES;
				CLANG_WARN_SUSPICIOUS_MOVE = YES;
				CLANG_WARN_UNGUARDED_AVAILABILITY = YES_AGGRESSIVE;
				CLANG_WARN_UNREACHABLE_CODE = YES;
				CLANG_WARN__DUPLICATE_METHOD_MATCH = YES;
				COPY_PHASE_STRIP = NO;
				DEBUG_INFORMATION_FORMAT = dwarf;
				ENABLE_STRICT_OBJC_MSGSEND = YES;
				ENABLE_TESTABILITY = YES;
				GCC_C_LANGUAGE_STANDARD = gnu11;
				GCC_DYNAMIC_NO_PIC = NO;
				GCC_NO_COMMON_BLOCKS = YES;
				GCC_OPTIMIZATION_LEVEL = 0;
				GCC_PREPROCESSOR_DEFINITIONS = (
					"DEBUG=1",
					"$(inherited)",
				);
				GCC_WARN_64_TO_32_BIT_CONVERSION = YES;
				GCC_WARN_ABOUT_RETURN_TYPE = YES_ERROR;
				GCC_WARN_UNDECLARED_SELECTOR = YES;
				GCC_WARN_UNINITIALIZED_AUTOS = YES_AGGRESSIVE;
				GCC_WARN_UNUSED_FUNCTION = YES;
				GCC_WARN_UNUSED_VARIABLE = YES;
				IPHONEOS_DEPLOYMENT_TARGET = 16.1;
				MTL_ENABLE_DEBUG_INFO = INCLUDE_SOURCE;
				MTL_FAST_MATH = YES;
				ONLY_ACTIVE_ARCH = YES;
				SDKROOT = iphoneos;
				SWIFT_ACTIVE_COMPILATION_CONDITIONS = DEBUG;
				SWIFT_OPTIMIZATION_LEVEL = "-Onone";
			};
			name = Debug;
		};
		3F400CC22929A9CF0099A738 /* Release */ = {
			isa = XCBuildConfiguration;
			buildSettings = {
				ALWAYS_SEARCH_USER_PATHS = NO;
				CLANG_ANALYZER_NONNULL = YES;
				CLANG_ANALYZER_NUMBER_OBJECT_CONVERSION = YES_AGGRESSIVE;
				CLANG_CXX_LANGUAGE_STANDARD = "gnu++20";
				CLANG_ENABLE_MODULES = YES;
				CLANG_ENABLE_OBJC_ARC = YES;
				CLANG_ENABLE_OBJC_WEAK = YES;
				CLANG_WARN_BLOCK_CAPTURE_AUTORELEASING = YES;
				CLANG_WARN_BOOL_CONVERSION = YES;
				CLANG_WARN_COMMA = YES;
				CLANG_WARN_CONSTANT_CONVERSION = YES;
				CLANG_WARN_DEPRECATED_OBJC_IMPLEMENTATIONS = YES;
				CLANG_WARN_DIRECT_OBJC_ISA_USAGE = YES_ERROR;
				CLANG_WARN_DOCUMENTATION_COMMENTS = YES;
				CLANG_WARN_EMPTY_BODY = YES;
				CLANG_WARN_ENUM_CONVERSION = YES;
				CLANG_WARN_INFINITE_RECURSION = YES;
				CLANG_WARN_INT_CONVERSION = YES;
				CLANG_WARN_NON_LITERAL_NULL_CONVERSION = YES;
				CLANG_WARN_OBJC_IMPLICIT_RETAIN_SELF = YES;
				CLANG_WARN_OBJC_LITERAL_CONVERSION = YES;
				CLANG_WARN_OBJC_ROOT_CLASS = YES_ERROR;
				CLANG_WARN_QUOTED_INCLUDE_IN_FRAMEWORK_HEADER = YES;
				CLANG_WARN_RANGE_LOOP_ANALYSIS = YES;
				CLANG_WARN_STRICT_PROTOTYPES = YES;
				CLANG_WARN_SUSPICIOUS_MOVE = YES;
				CLANG_WARN_UNGUARDED_AVAILABILITY = YES_AGGRESSIVE;
				CLANG_WARN_UNREACHABLE_CODE = YES;
				CLANG_WARN__DUPLICATE_METHOD_MATCH = YES;
				COPY_PHASE_STRIP = NO;
				DEBUG_INFORMATION_FORMAT = "dwarf-with-dsym";
				ENABLE_NS_ASSERTIONS = NO;
				ENABLE_STRICT_OBJC_MSGSEND = YES;
				GCC_C_LANGUAGE_STANDARD = gnu11;
				GCC_NO_COMMON_BLOCKS = YES;
				GCC_WARN_64_TO_32_BIT_CONVERSION = YES;
				GCC_WARN_ABOUT_RETURN_TYPE = YES_ERROR;
				GCC_WARN_UNDECLARED_SELECTOR = YES;
				GCC_WARN_UNINITIALIZED_AUTOS = YES_AGGRESSIVE;
				GCC_WARN_UNUSED_FUNCTION = YES;
				GCC_WARN_UNUSED_VARIABLE = YES;
				IPHONEOS_DEPLOYMENT_TARGET = 16.1;
				MTL_ENABLE_DEBUG_INFO = NO;
				MTL_FAST_MATH = YES;
				SDKROOT = iphoneos;
				SWIFT_COMPILATION_MODE = wholemodule;
				SWIFT_OPTIMIZATION_LEVEL = "-O";
				VALIDATE_PRODUCT = YES;
			};
			name = Release;
		};
		3F400CC42929A9CF0099A738 /* Debug */ = {
			isa = XCBuildConfiguration;
			baseConfigurationReference = 5B9AB616F6A3F37F2C773947 /* Pods-Weather forecast.debug.xcconfig */;
			buildSettings = {
				ASSETCATALOG_COMPILER_APPICON_NAME = AppIcon;
				ASSETCATALOG_COMPILER_GLOBAL_ACCENT_COLOR_NAME = AccentColor;
				CODE_SIGN_STYLE = Automatic;
				CURRENT_PROJECT_VERSION = 1;
				GENERATE_INFOPLIST_FILE = YES;
				INFOPLIST_FILE = "Weather forecast/Info.plist";
				INFOPLIST_KEY_UIApplicationSupportsIndirectInputEvents = YES;
				INFOPLIST_KEY_UILaunchStoryboardName = LaunchScreen;
				INFOPLIST_KEY_UIMainStoryboardFile = Main;
				INFOPLIST_KEY_UISupportedInterfaceOrientations_iPad = "UIInterfaceOrientationPortrait UIInterfaceOrientationPortraitUpsideDown UIInterfaceOrientationLandscapeLeft UIInterfaceOrientationLandscapeRight";
				INFOPLIST_KEY_UISupportedInterfaceOrientations_iPhone = "UIInterfaceOrientationPortrait UIInterfaceOrientationLandscapeLeft UIInterfaceOrientationLandscapeRight";
				LD_RUNPATH_SEARCH_PATHS = (
					"$(inherited)",
					"@executable_path/Frameworks",
				);
				MARKETING_VERSION = 1.0;
				PRODUCT_BUNDLE_IDENTIFIER = "edu.northeastern.lan.Weather-forecast";
				PRODUCT_NAME = "$(TARGET_NAME)";
				SWIFT_EMIT_LOC_STRINGS = YES;
				SWIFT_VERSION = 5.0;
				TARGETED_DEVICE_FAMILY = "1,2";
			};
			name = Debug;
		};
		3F400CC52929A9CF0099A738 /* Release */ = {
			isa = XCBuildConfiguration;
			baseConfigurationReference = DB6339276AA35BFC8F3E6DD0 /* Pods-Weather forecast.release.xcconfig */;
			buildSettings = {
				ASSETCATALOG_COMPILER_APPICON_NAME = AppIcon;
				ASSETCATALOG_COMPILER_GLOBAL_ACCENT_COLOR_NAME = AccentColor;
				CODE_SIGN_STYLE = Automatic;
				CURRENT_PROJECT_VERSION = 1;
				GENERATE_INFOPLIST_FILE = YES;
				INFOPLIST_FILE = "Weather forecast/Info.plist";
				INFOPLIST_KEY_UIApplicationSupportsIndirectInputEvents = YES;
				INFOPLIST_KEY_UILaunchStoryboardName = LaunchScreen;
				INFOPLIST_KEY_UIMainStoryboardFile = Main;
				INFOPLIST_KEY_UISupportedInterfaceOrientations_iPad = "UIInterfaceOrientationPortrait UIInterfaceOrientationPortraitUpsideDown UIInterfaceOrientationLandscapeLeft UIInterfaceOrientationLandscapeRight";
				INFOPLIST_KEY_UISupportedInterfaceOrientations_iPhone = "UIInterfaceOrientationPortrait UIInterfaceOrientationLandscapeLeft UIInterfaceOrientationLandscapeRight";
				LD_RUNPATH_SEARCH_PATHS = (
					"$(inherited)",
					"@executable_path/Frameworks",
				);
				MARKETING_VERSION = 1.0;
				PRODUCT_BUNDLE_IDENTIFIER = "edu.northeastern.lan.Weather-forecast";
				PRODUCT_NAME = "$(TARGET_NAME)";
				SWIFT_EMIT_LOC_STRINGS = YES;
				SWIFT_VERSION = 5.0;
				TARGETED_DEVICE_FAMILY = "1,2";
			};
			name = Release;
		};
/* End XCBuildConfiguration section */

/* Begin XCConfigurationList section */
		3F400CAA2929A9CF0099A738 /* Build configuration list for PBXProject "Weather forecast" */ = {
			isa = XCConfigurationList;
			buildConfigurations = (
				3F400CC12929A9CF0099A738 /* Debug */,
				3F400CC22929A9CF0099A738 /* Release */,
			);
			defaultConfigurationIsVisible = 0;
			defaultConfigurationName = Release;
		};
		3F400CC32929A9CF0099A738 /* Build configuration list for PBXNativeTarget "Weather forecast" */ = {
			isa = XCConfigurationList;
			buildConfigurations = (
				3F400CC42929A9CF0099A738 /* Debug */,
				3F400CC52929A9CF0099A738 /* Release */,
			);
			defaultConfigurationIsVisible = 0;
			defaultConfigurationName = Release;
		};
/* End XCConfigurationList section */
	};
	rootObject = 3F400CA72929A9CF0099A738 /* Project object */;
}
